
Microsoft Visual Studio Solution File, Format Version 12.00
# Visual Studio Version 16
VisualStudioVersion = 16.0.30711.63
MinimumVisualStudioVersion = 10.0.40219.1
Project("{FAE04EC0-301F-11D3-BF4B-00C04F79EFBC}") = "Task", "Task\Task.csproj", "{3E602143-C737-4918-AB5C-2A71D4913133}"
EndProject
Global
	GlobalSection(SolutionConfigurationPlatforms) = preSolution
		Debug|Any CPU = Debug|Any CPU
		Release|Any CPU = Release|Any CPU
	EndGlobalSection
	GlobalSection(ProjectConfigurationPlatforms) = postSolution
		{3E602143-C737-4918-AB5C-2A71D4913133}.Debug|Any CPU.ActiveCfg = Debug|Any CPU
		{3E602143-C737-4918-AB5C-2A71D4913133}.Debug|Any CPU.Build.0 = Debug|Any CPU
		{3E602143-C737-4918-AB5C-2A71D4913133}.Release|Any CPU.ActiveCfg = Release|Any CPU
		{3E602143-C737-4918-AB5C-2A71D4913133}.Release|Any CPU.Build.0 = Release|Any CPU
	EndGlobalSection
	GlobalSection(SolutionProperties) = preSolution
		HideSolutionNode = FALSE
	EndGlobalSection
	GlobalSection(ExtensibilityGlobals) = postSolution
		SolutionGuid = {92C3607C-181E-40C5-AD6C-2F32C3665333}
	EndGlobalSection
EndGlobal
